// !$*UTF8*$!
{
	archiveVersion = 1;
	classes = {
	};
	objectVersion = 50;
	objects = {

/* Begin PBXBuildFile section */
		E9475242215A2AF7009885FB /* AppDelegate.swift in Sources */ = {isa = PBXBuildFile; fileRef = E9475241215A2AF7009885FB /* AppDelegate.swift */; };
		E9475244215A2AF7009885FB /* ViewController.swift in Sources */ = {isa = PBXBuildFile; fileRef = E9475243215A2AF7009885FB /* ViewController.swift */; };
		E9475247215A2AF7009885FB /* Main.storyboard in Resources */ = {isa = PBXBuildFile; fileRef = E9475245215A2AF7009885FB /* Main.storyboard */; };
		E9475249215A2AF9009885FB /* Assets.xcassets in Resources */ = {isa = PBXBuildFile; fileRef = E9475248215A2AF9009885FB /* Assets.xcassets */; };
		E947524C215A2AF9009885FB /* LaunchScreen.storyboard in Resources */ = {isa = PBXBuildFile; fileRef = E947524A215A2AF9009885FB /* LaunchScreen.storyboard */; };
		E9475257215A2AF9009885FB /* targets_Tests.swift in Sources */ = {isa = PBXBuildFile; fileRef = E9475256215A2AF9009885FB /* targets_Tests.swift */; };
		E9475262215A2AF9009885FB /* targets_UITests.swift in Sources */ = {isa = PBXBuildFile; fileRef = E9475261215A2AF9009885FB /* targets_UITests.swift */; };
		E9475271215A2B5E009885FB /* ViewController.swift in Sources */ = {isa = PBXBuildFile; fileRef = E9475243215A2AF7009885FB /* ViewController.swift */; };
		E9475272215A2B5E009885FB /* AppDelegate.swift in Sources */ = {isa = PBXBuildFile; fileRef = E9475241215A2AF7009885FB /* AppDelegate.swift */; };
		E9475275215A2B5E009885FB /* LaunchScreen.storyboard in Resources */ = {isa = PBXBuildFile; fileRef = E947524A215A2AF9009885FB /* LaunchScreen.storyboard */; };
		E9475276215A2B5E009885FB /* Assets.xcassets in Resources */ = {isa = PBXBuildFile; fileRef = E9475248215A2AF9009885FB /* Assets.xcassets */; };
		E9475277215A2B5E009885FB /* Main.storyboard in Resources */ = {isa = PBXBuildFile; fileRef = E9475245215A2AF7009885FB /* Main.storyboard */; };
		E947527E215A2C31009885FB /* targets.swift in Sources */ = {isa = PBXBuildFile; fileRef = E947527D215A2C31009885FB /* targets.swift */; };
		E9475282215A2CC7009885FB /* targets.swift in Sources */ = {isa = PBXBuildFile; fileRef = E9475281215A2CC7009885FB /* targets.swift */; };
		E9475288215A32C4009885FB /* Info.plist in Resources */ = {isa = PBXBuildFile; fileRef = E947527C215A2B5E009885FB /* Info.plist */; };
		E9475289215A32C7009885FB /* Info.plist in Resources */ = {isa = PBXBuildFile; fileRef = E947524D215A2AF9009885FB /* Info.plist */; };
/* End PBXBuildFile section */

/* Begin PBXContainerItemProxy section */
		E9475253215A2AF9009885FB /* PBXContainerItemProxy */ = {
			isa = PBXContainerItemProxy;
			containerPortal = E9475236215A2AF7009885FB /* Project object */;
			proxyType = 1;
			remoteGlobalIDString = E947523D215A2AF7009885FB;
			remoteInfo = targets_;
		};
		E947525E215A2AF9009885FB /* PBXContainerItemProxy */ = {
			isa = PBXContainerItemProxy;
			containerPortal = E9475236215A2AF7009885FB /* Project object */;
			proxyType = 1;
			remoteGlobalIDString = E947523D215A2AF7009885FB;
			remoteInfo = targets_;
		};
/* End PBXContainerItemProxy section */

/* Begin PBXFileReference section */
		E947523E215A2AF7009885FB /* targets_Production.app */ = {isa = PBXFileReference; explicitFileType = wrapper.application; includeInIndex = 0; path = targets_Production.app; sourceTree = BUILT_PRODUCTS_DIR; };
		E9475241215A2AF7009885FB /* AppDelegate.swift */ = {isa = PBXFileReference; lastKnownFileType = sourcecode.swift; path = AppDelegate.swift; sourceTree = "<group>"; };
		E9475243215A2AF7009885FB /* ViewController.swift */ = {isa = PBXFileReference; lastKnownFileType = sourcecode.swift; path = ViewController.swift; sourceTree = "<group>"; };
		E9475246215A2AF7009885FB /* Base */ = {isa = PBXFileReference; lastKnownFileType = file.storyboard; name = Base; path = Base.lproj/Main.storyboard; sourceTree = "<group>"; };
		E9475248215A2AF9009885FB /* Assets.xcassets */ = {isa = PBXFileReference; lastKnownFileType = folder.assetcatalog; path = Assets.xcassets; sourceTree = "<group>"; };
		E947524B215A2AF9009885FB /* Base */ = {isa = PBXFileReference; lastKnownFileType = file.storyboard; name = Base; path = Base.lproj/LaunchScreen.storyboard; sourceTree = "<group>"; };
		E947524D215A2AF9009885FB /* Info.plist */ = {isa = PBXFileReference; lastKnownFileType = text.plist.xml; path = Info.plist; sourceTree = "<group>"; };
		E9475252215A2AF9009885FB /* targets_Tests.xctest */ = {isa = PBXFileReference; explicitFileType = wrapper.cfbundle; includeInIndex = 0; path = targets_Tests.xctest; sourceTree = BUILT_PRODUCTS_DIR; };
		E9475256215A2AF9009885FB /* targets_Tests.swift */ = {isa = PBXFileReference; lastKnownFileType = sourcecode.swift; path = targets_Tests.swift; sourceTree = "<group>"; };
		E9475258215A2AF9009885FB /* Info.plist */ = {isa = PBXFileReference; lastKnownFileType = text.plist.xml; path = Info.plist; sourceTree = "<group>"; };
		E947525D215A2AF9009885FB /* targets_UITests.xctest */ = {isa = PBXFileReference; explicitFileType = wrapper.cfbundle; includeInIndex = 0; path = targets_UITests.xctest; sourceTree = BUILT_PRODUCTS_DIR; };
		E9475261215A2AF9009885FB /* targets_UITests.swift */ = {isa = PBXFileReference; lastKnownFileType = sourcecode.swift; path = targets_UITests.swift; sourceTree = "<group>"; };
		E9475263215A2AF9009885FB /* Info.plist */ = {isa = PBXFileReference; lastKnownFileType = text.plist.xml; path = Info.plist; sourceTree = "<group>"; };
		E947527B215A2B5E009885FB /* targets_Debug.app */ = {isa = PBXFileReference; explicitFileType = wrapper.application; includeInIndex = 0; path = targets_Debug.app; sourceTree = BUILT_PRODUCTS_DIR; };
		E947527C215A2B5E009885FB /* Info.plist */ = {isa = PBXFileReference; lastKnownFileType = text.plist.xml; name = Info.plist; path = /Users/shanemccully/Desktop/testProj/targets_/Info.plist; sourceTree = "<absolute>"; };
		E947527D215A2C31009885FB /* targets.swift */ = {isa = PBXFileReference; lastKnownFileType = sourcecode.swift; path = targets.swift; sourceTree = "<group>"; };
		E9475281215A2CC7009885FB /* targets.swift */ = {isa = PBXFileReference; lastKnownFileType = sourcecode.swift; path = targets.swift; sourceTree = "<group>"; };
/* End PBXFileReference section */

/* Begin PBXFrameworksBuildPhase section */
		E947523B215A2AF7009885FB /* Frameworks */ = {
			isa = PBXFrameworksBuildPhase;
			buildActionMask = 2147483647;
			files = (
			);
			runOnlyForDeploymentPostprocessing = 0;
		};
		E947524F215A2AF9009885FB /* Frameworks */ = {
			isa = PBXFrameworksBuildPhase;
			buildActionMask = 2147483647;
			files = (
			);
			runOnlyForDeploymentPostprocessing = 0;
		};
		E947525A215A2AF9009885FB /* Frameworks */ = {
			isa = PBXFrameworksBuildPhase;
			buildActionMask = 2147483647;
			files = (
			);
			runOnlyForDeploymentPostprocessing = 0;
		};
		E9475273215A2B5E009885FB /* Frameworks */ = {
			isa = PBXFrameworksBuildPhase;
			buildActionMask = 2147483647;
			files = (
			);
			runOnlyForDeploymentPostprocessing = 0;
		};
/* End PBXFrameworksBuildPhase section */

/* Begin PBXGroup section */
		E9475235215A2AF7009885FB = {
			isa = PBXGroup;
			children = (
				E9475240215A2AF7009885FB /* targets_ */,
				E9475255215A2AF9009885FB /* targets_Tests */,
				E9475260215A2AF9009885FB /* targets_UITests */,
				E947523F215A2AF7009885FB /* Products */,
				E947527C215A2B5E009885FB /* Info.plist */,
			);
			sourceTree = "<group>";
		};
		E947523F215A2AF7009885FB /* Products */ = {
			isa = PBXGroup;
			children = (
				E947523E215A2AF7009885FB /* targets_Production.app */,
				E9475252215A2AF9009885FB /* targets_Tests.xctest */,
				E947525D215A2AF9009885FB /* targets_UITests.xctest */,
				E947527B215A2B5E009885FB /* targets_Debug.app */,
			);
			name = Products;
			sourceTree = "<group>";
		};
		E9475240215A2AF7009885FB /* targets_ */ = {
			isa = PBXGroup;
			children = (
				E9475241215A2AF7009885FB /* AppDelegate.swift */,
				E9475243215A2AF7009885FB /* ViewController.swift */,
				E947527F215A2C83009885FB /* Production */,
				E9475245215A2AF7009885FB /* Main.storyboard */,
				E9475248215A2AF9009885FB /* Assets.xcassets */,
				E947524A215A2AF9009885FB /* LaunchScreen.storyboard */,
				E947524D215A2AF9009885FB /* Info.plist */,
				E9475280215A2CA5009885FB /* Debug */,
			);
			path = targets_;
			sourceTree = "<group>";
		};
		E9475255215A2AF9009885FB /* targets_Tests */ = {
			isa = PBXGroup;
			children = (
				E9475256215A2AF9009885FB /* targets_Tests.swift */,
				E9475258215A2AF9009885FB /* Info.plist */,
			);
			path = targets_Tests;
			sourceTree = "<group>";
		};
		E9475260215A2AF9009885FB /* targets_UITests */ = {
			isa = PBXGroup;
			children = (
				E9475261215A2AF9009885FB /* targets_UITests.swift */,
				E9475263215A2AF9009885FB /* Info.plist */,
			);
			path = targets_UITests;
			sourceTree = "<group>";
		};
		E947527F215A2C83009885FB /* Production */ = {
			isa = PBXGroup;
			children = (
				E947527D215A2C31009885FB /* targets.swift */,
			);
			path = Production;
			sourceTree = "<group>";
		};
		E9475280215A2CA5009885FB /* Debug */ = {
			isa = PBXGroup;
			children = (
				E9475281215A2CC7009885FB /* targets.swift */,
			);
			path = Debug;
			sourceTree = "<group>";
		};
/* End PBXGroup section */

/* Begin PBXNativeTarget section */
		E947523D215A2AF7009885FB /* targets_Production */ = {
			isa = PBXNativeTarget;
			buildConfigurationList = E9475266215A2AF9009885FB /* Build configuration list for PBXNativeTarget "targets_Production" */;
			buildPhases = (
				E947523A215A2AF7009885FB /* Sources */,
				E947523B215A2AF7009885FB /* Frameworks */,
				E947523C215A2AF7009885FB /* Resources */,
			);
			buildRules = (
			);
			dependencies = (
			);
			name = targets_Production;
			productName = targets_;
			productReference = E947523E215A2AF7009885FB /* targets_Production.app */;
			productType = "com.apple.product-type.application";
		};
		E9475251215A2AF9009885FB /* targets_Tests */ = {
			isa = PBXNativeTarget;
			buildConfigurationList = E9475269215A2AF9009885FB /* Build configuration list for PBXNativeTarget "targets_Tests" */;
			buildPhases = (
				E947524E215A2AF9009885FB /* Sources */,
				E947524F215A2AF9009885FB /* Frameworks */,
				E9475250215A2AF9009885FB /* Resources */,
			);
			buildRules = (
			);
			dependencies = (
				E9475254215A2AF9009885FB /* PBXTargetDependency */,
			);
			name = targets_Tests;
			productName = targets_Tests;
			productReference = E9475252215A2AF9009885FB /* targets_Tests.xctest */;
			productType = "com.apple.product-type.bundle.unit-test";
		};
		E947525C215A2AF9009885FB /* targets_UITests */ = {
			isa = PBXNativeTarget;
			buildConfigurationList = E947526C215A2AF9009885FB /* Build configuration list for PBXNativeTarget "targets_UITests" */;
			buildPhases = (
				E9475259215A2AF9009885FB /* Sources */,
				E947525A215A2AF9009885FB /* Frameworks */,
				E947525B215A2AF9009885FB /* Resources */,
			);
			buildRules = (
			);
			dependencies = (
				E947525F215A2AF9009885FB /* PBXTargetDependency */,
			);
			name = targets_UITests;
			productName = targets_UITests;
			productReference = E947525D215A2AF9009885FB /* targets_UITests.xctest */;
			productType = "com.apple.product-type.bundle.ui-testing";
		};
		E947526F215A2B5E009885FB /* targets_Debug */ = {
			isa = PBXNativeTarget;
			buildConfigurationList = E9475278215A2B5E009885FB /* Build configuration list for PBXNativeTarget "targets_Debug" */;
			buildPhases = (
				E9475270215A2B5E009885FB /* Sources */,
				E9475273215A2B5E009885FB /* Frameworks */,
				E9475274215A2B5E009885FB /* Resources */,
			);
			buildRules = (
			);
			dependencies = (
			);
			name = targets_Debug;
			productName = targets_;
			productReference = E947527B215A2B5E009885FB /* targets_Debug.app */;
			productType = "com.apple.product-type.application";
		};
/* End PBXNativeTarget section */

/* Begin PBXProject section */
		E9475236215A2AF7009885FB /* Project object */ = {
			isa = PBXProject;
			attributes = {
				LastSwiftUpdateCheck = 0940;
				LastUpgradeCheck = 0940;
				ORGANIZATIONNAME = "Shane McCully";
				TargetAttributes = {
					E947523D215A2AF7009885FB = {
						CreatedOnToolsVersion = 9.4.1;
					};
					E9475251215A2AF9009885FB = {
						CreatedOnToolsVersion = 9.4.1;
						TestTargetID = E947523D215A2AF7009885FB;
					};
					E947525C215A2AF9009885FB = {
						CreatedOnToolsVersion = 9.4.1;
						TestTargetID = E947523D215A2AF7009885FB;
					};
				};
			};
			buildConfigurationList = E9475239215A2AF7009885FB /* Build configuration list for PBXProject "targets_" */;
			compatibilityVersion = "Xcode 9.3";
			developmentRegion = en;
			hasScannedForEncodings = 0;
			knownRegions = (
				en,
				Base,
			);
			mainGroup = E9475235215A2AF7009885FB;
			productRefGroup = E947523F215A2AF7009885FB /* Products */;
			projectDirPath = "";
			projectRoot = "";
			targets = (
				E947523D215A2AF7009885FB /* targets_Production */,
				E947526F215A2B5E009885FB /* targets_Debug */,
				E9475251215A2AF9009885FB /* targets_Tests */,
				E947525C215A2AF9009885FB /* targets_UITests */,
			);
		};
/* End PBXProject section */

/* Begin PBXResourcesBuildPhase section */
		E947523C215A2AF7009885FB /* Resources */ = {
			isa = PBXResourcesBuildPhase;
			buildActionMask = 2147483647;
			files = (
				E9475289215A32C7009885FB /* Info.plist in Resources */,
				E947524C215A2AF9009885FB /* LaunchScreen.storyboard in Resources */,
				E9475249215A2AF9009885FB /* Assets.xcassets in Resources */,
				E9475247215A2AF7009885FB /* Main.storyboard in Resources */,
			);
			runOnlyForDeploymentPostprocessing = 0;
		};
		E9475250215A2AF9009885FB /* Resources */ = {
			isa = PBXResourcesBuildPhase;
			buildActionMask = 2147483647;
			files = (
			);
			runOnlyForDeploymentPostprocessing = 0;
		};
		E947525B215A2AF9009885FB /* Resources */ = {
			isa = PBXResourcesBuildPhase;
			buildActionMask = 2147483647;
			files = (
			);
			runOnlyForDeploymentPostprocessing = 0;
		};
		E9475274215A2B5E009885FB /* Resources */ = {
			isa = PBXResourcesBuildPhase;
			buildActionMask = 2147483647;
			files = (
				E9475275215A2B5E009885FB /* LaunchScreen.storyboard in Resources */,
				E9475288215A32C4009885FB /* Info.plist in Resources */,
				E9475276215A2B5E009885FB /* Assets.xcassets in Resources */,
				E9475277215A2B5E009885FB /* Main.storyboard in Resources */,
			);
			runOnlyForDeploymentPostprocessing = 0;
		};
/* End PBXResourcesBuildPhase section */

/* Begin PBXSourcesBuildPhase section */
		E947523A215A2AF7009885FB /* Sources */ = {
			isa = PBXSourcesBuildPhase;
			buildActionMask = 2147483647;
			files = (
				E9475244215A2AF7009885FB /* ViewController.swift in Sources */,
				E9475242215A2AF7009885FB /* AppDelegate.swift in Sources */,
				E947527E215A2C31009885FB /* targets.swift in Sources */,
			);
			runOnlyForDeploymentPostprocessing = 0;
		};
		E947524E215A2AF9009885FB /* Sources */ = {
			isa = PBXSourcesBuildPhase;
			buildActionMask = 2147483647;
			files = (
				E9475257215A2AF9009885FB /* targets_Tests.swift in Sources */,
			);
			runOnlyForDeploymentPostprocessing = 0;
		};
		E9475259215A2AF9009885FB /* Sources */ = {
			isa = PBXSourcesBuildPhase;
			buildActionMask = 2147483647;
			files = (
				E9475262215A2AF9009885FB /* targets_UITests.swift in Sources */,
			);
			runOnlyForDeploymentPostprocessing = 0;
		};
		E9475270215A2B5E009885FB /* Sources */ = {
			isa = PBXSourcesBuildPhase;
			buildActionMask = 2147483647;
			files = (
				E9475271215A2B5E009885FB /* ViewController.swift in Sources */,
				E9475272215A2B5E009885FB /* AppDelegate.swift in Sources */,
				E9475282215A2CC7009885FB /* targets.swift in Sources */,
			);
			runOnlyForDeploymentPostprocessing = 0;
		};
/* End PBXSourcesBuildPhase section */

/* Begin PBXTargetDependency section */
		E9475254215A2AF9009885FB /* PBXTargetDependency */ = {
			isa = PBXTargetDependency;
			target = E947523D215A2AF7009885FB /* targets_Production */;
			targetProxy = E9475253215A2AF9009885FB /* PBXContainerItemProxy */;
		};
		E947525F215A2AF9009885FB /* PBXTargetDependency */ = {
			isa = PBXTargetDependency;
			target = E947523D215A2AF7009885FB /* targets_Production */;
			targetProxy = E947525E215A2AF9009885FB /* PBXContainerItemProxy */;
		};
/* End PBXTargetDependency section */

/* Begin PBXVariantGroup section */
		E9475245215A2AF7009885FB /* Main.storyboard */ = {
			isa = PBXVariantGroup;
			children = (
				E9475246215A2AF7009885FB /* Base */,
			);
			name = Main.storyboard;
			sourceTree = "<group>";
		};
		E947524A215A2AF9009885FB /* LaunchScreen.storyboard */ = {
			isa = PBXVariantGroup;
			children = (
				E947524B215A2AF9009885FB /* Base */,
			);
			name = LaunchScreen.storyboard;
			sourceTree = "<group>";
		};
/* End PBXVariantGroup section */

/* Begin XCBuildConfiguration section */
		E9475264215A2AF9009885FB /* Debug */ = {
			isa = XCBuildConfiguration;
			buildSettings = {
				ALWAYS_SEARCH_USER_PATHS = NO;
				CLANG_ANALYZER_NONNULL = YES;
				CLANG_ANALYZER_NUMBER_OBJECT_CONVERSION = YES_AGGRESSIVE;
				CLANG_CXX_LANGUAGE_STANDARD = "gnu++14";
				CLANG_CXX_LIBRARY = "libc++";
				CLANG_ENABLE_MODULES = YES;
				CLANG_ENABLE_OBJC_ARC = YES;
				CLANG_ENABLE_OBJC_WEAK = YES;
				CLANG_WARN_BLOCK_CAPTURE_AUTORELEASING = YES;
				CLANG_WARN_BOOL_CONVERSION = YES;
				CLANG_WARN_COMMA = YES;
				CLANG_WARN_CONSTANT_CONVERSION = YES;
				CLANG_WARN_DEPRECATED_OBJC_IMPLEMENTATIONS = YES;
				CLANG_WARN_DIRECT_OBJC_ISA_USAGE = YES_ERROR;
				CLANG_WARN_DOCUMENTATION_COMMENTS = YES;
				CLANG_WARN_EMPTY_BODY = YES;
				CLANG_WARN_ENUM_CONVERSION = YES;
				CLANG_WARN_INFINITE_RECURSION = YES;
				CLANG_WARN_INT_CONVERSION = YES;
				CLANG_WARN_NON_LITERAL_NULL_CONVERSION = YES;
				CLANG_WARN_OBJC_IMPLICIT_RETAIN_SELF = YES;
				CLANG_WARN_OBJC_LITERAL_CONVERSION = YES;
				CLANG_WARN_OBJC_ROOT_CLASS = YES_ERROR;
				CLANG_WARN_RANGE_LOOP_ANALYSIS = YES;
				CLANG_WARN_STRICT_PROTOTYPES = YES;
				CLANG_WARN_SUSPICIOUS_MOVE = YES;
				CLANG_WARN_UNGUARDED_AVAILABILITY = YES_AGGRESSIVE;
				CLANG_WARN_UNREACHABLE_CODE = YES;
				CLANG_WARN__DUPLICATE_METHOD_MATCH = YES;
				CODE_SIGN_IDENTITY = "iPhone Developer";
				COPY_PHASE_STRIP = NO;
				DEBUG_INFORMATION_FORMAT = dwarf;
				ENABLE_STRICT_OBJC_MSGSEND = YES;
				ENABLE_TESTABILITY = YES;
				GCC_C_LANGUAGE_STANDARD = gnu11;
				GCC_DYNAMIC_NO_PIC = NO;
				GCC_NO_COMMON_BLOCKS = YES;
				GCC_OPTIMIZATION_LEVEL = 0;
				GCC_PREPROCESSOR_DEFINITIONS = (
					"DEBUG=1",
					"$(inherited)",
				);
				GCC_WARN_64_TO_32_BIT_CONVERSION = YES;
				GCC_WARN_ABOUT_RETURN_TYPE = YES_ERROR;
				GCC_WARN_UNDECLARED_SELECTOR = YES;
				GCC_WARN_UNINITIALIZED_AUTOS = YES_AGGRESSIVE;
				GCC_WARN_UNUSED_FUNCTION = YES;
				GCC_WARN_UNUSED_VARIABLE = YES;
				IPHONEOS_DEPLOYMENT_TARGET = 11.4;
				MTL_ENABLE_DEBUG_INFO = YES;
				ONLY_ACTIVE_ARCH = YES;
				SDKROOT = iphoneos;
				SWIFT_ACTIVE_COMPILATION_CONDITIONS = DEBUG;
				SWIFT_OPTIMIZATION_LEVEL = "-Onone";
			};
			name = Debug;
		};
		E9475267215A2AF9009885FB /* Debug */ = {
			isa = XCBuildConfiguration;
			buildSettings = {
				ASSETCATALOG_COMPILER_APPICON_NAME = AppIcon;
				CODE_SIGN_STYLE = Automatic;
				DEVELOPMENT_TEAM = 7E2DYPBWQ8;
				INFOPLIST_FILE = Info.plist;
				LD_RUNPATH_SEARCH_PATHS = (
					"$(inherited)",
					"@executable_path/Frameworks",
				);
				OTHER_SWIFT_FLAGS = "-D PRODUCTION";
				PRODUCT_BUNDLE_IDENTIFIER = "setup.targets-";
				PRODUCT_NAME = "$(TARGET_NAME)";
				SWIFT_VERSION = 4.0;
				TARGETED_DEVICE_FAMILY = "1,2";
			};
			name = Debug;
		};
		E947526A215A2AF9009885FB /* Debug */ = {
			isa = XCBuildConfiguration;
			buildSettings = {
				ALWAYS_EMBED_SWIFT_STANDARD_LIBRARIES = YES;
				BUNDLE_LOADER = "$(TEST_HOST)";
				CODE_SIGN_STYLE = Automatic;
				INFOPLIST_FILE = targets_Tests/Info.plist;
				LD_RUNPATH_SEARCH_PATHS = (
					"$(inherited)",
					"@executable_path/Frameworks",
					"@loader_path/Frameworks",
				);
				PRODUCT_BUNDLE_IDENTIFIER = "setup.targets-Tests";
				PRODUCT_NAME = "$(TARGET_NAME)";
				SWIFT_VERSION = 4.0;
				TARGETED_DEVICE_FAMILY = "1,2";
				TEST_HOST = "$(BUILT_PRODUCTS_DIR)/targets_.app/targets_";
			};
			name = Debug;
		};
		E947526D215A2AF9009885FB /* Debug */ = {
			isa = XCBuildConfiguration;
			buildSettings = {
				ALWAYS_EMBED_SWIFT_STANDARD_LIBRARIES = YES;
				CODE_SIGN_STYLE = Automatic;
				INFOPLIST_FILE = targets_UITests/Info.plist;
				LD_RUNPATH_SEARCH_PATHS = (
					"$(inherited)",
					"@executable_path/Frameworks",
					"@loader_path/Frameworks",
				);
				PRODUCT_BUNDLE_IDENTIFIER = "setup.targets-UITests";
				PRODUCT_NAME = "$(TARGET_NAME)";
				SWIFT_VERSION = 4.0;
				TARGETED_DEVICE_FAMILY = "1,2";
				TEST_TARGET_NAME = targets_;
			};
			name = Debug;
		};
		E9475279215A2B5E009885FB /* Debug */ = {
			isa = XCBuildConfiguration;
			buildSettings = {
				ASSETCATALOG_COMPILER_APPICON_NAME = AppIcon;
				CODE_SIGN_STYLE = Automatic;
				DEVELOPMENT_TEAM = 7E2DYPBWQ8;
				ENDPOINT_URL = "http://debug.targets.com";
				INFOPLIST_FILE = Info.plist;
				LD_RUNPATH_SEARCH_PATHS = (
					"$(inherited)",
					"@executable_path/Frameworks",
				);
				OTHER_SWIFT_FLAGS = "-D DEBUG";
				PRODUCT_BUNDLE_IDENTIFIER = "setup.targets-";
				PRODUCT_NAME = "$(TARGET_NAME)";
				SWIFT_VERSION = 4.0;
				TARGETED_DEVICE_FAMILY = "1,2";
			};
			name = Debug;
		};
		E9475283215A2D6D009885FB /* Production */ = {
			isa = XCBuildConfiguration;
			buildSettings = {
				ALWAYS_SEARCH_USER_PATHS = NO;
				CLANG_ANALYZER_NONNULL = YES;
				CLANG_ANALYZER_NUMBER_OBJECT_CONVERSION = YES_AGGRESSIVE;
				CLANG_CXX_LANGUAGE_STANDARD = "gnu++14";
				CLANG_CXX_LIBRARY = "libc++";
				CLANG_ENABLE_MODULES = YES;
				CLANG_ENABLE_OBJC_ARC = YES;
				CLANG_ENABLE_OBJC_WEAK = YES;
				CLANG_WARN_BLOCK_CAPTURE_AUTORELEASING = YES;
				CLANG_WARN_BOOL_CONVERSION = YES;
				CLANG_WARN_COMMA = YES;
				CLANG_WARN_CONSTANT_CONVERSION = YES;
				CLANG_WARN_DEPRECATED_OBJC_IMPLEMENTATIONS = YES;
				CLANG_WARN_DIRECT_OBJC_ISA_USAGE = YES_ERROR;
				CLANG_WARN_DOCUMENTATION_COMMENTS = YES;
				CLANG_WARN_EMPTY_BODY = YES;
				CLANG_WARN_ENUM_CONVERSION = YES;
				CLANG_WARN_INFINITE_RECURSION = YES;
				CLANG_WARN_INT_CONVERSION = YES;
				CLANG_WARN_NON_LITERAL_NULL_CONVERSION = YES;
				CLANG_WARN_OBJC_IMPLICIT_RETAIN_SELF = YES;
				CLANG_WARN_OBJC_LITERAL_CONVERSION = YES;
				CLANG_WARN_OBJC_ROOT_CLASS = YES_ERROR;
				CLANG_WARN_RANGE_LOOP_ANALYSIS = YES;
				CLANG_WARN_STRICT_PROTOTYPES = YES;
				CLANG_WARN_SUSPICIOUS_MOVE = YES;
				CLANG_WARN_UNGUARDED_AVAILABILITY = YES_AGGRESSIVE;
				CLANG_WARN_UNREACHABLE_CODE = YES;
				CLANG_WARN__DUPLICATE_METHOD_MATCH = YES;
				CODE_SIGN_IDENTITY = "iPhone Developer";
				COPY_PHASE_STRIP = NO;
				DEBUG_INFORMATION_FORMAT = "dwarf-with-dsym";
				ENABLE_NS_ASSERTIONS = NO;
				ENABLE_STRICT_OBJC_MSGSEND = YES;
				GCC_C_LANGUAGE_STANDARD = gnu11;
				GCC_NO_COMMON_BLOCKS = YES;
				GCC_WARN_64_TO_32_BIT_CONVERSION = YES;
				GCC_WARN_ABOUT_RETURN_TYPE = YES_ERROR;
				GCC_WARN_UNDECLARED_SELECTOR = YES;
				GCC_WARN_UNINITIALIZED_AUTOS = YES_AGGRESSIVE;
				GCC_WARN_UNUSED_FUNCTION = YES;
				GCC_WARN_UNUSED_VARIABLE = YES;
				IPHONEOS_DEPLOYMENT_TARGET = 11.4;
				MTL_ENABLE_DEBUG_INFO = NO;
				SDKROOT = iphoneos;
				SWIFT_COMPILATION_MODE = wholemodule;
				SWIFT_OPTIMIZATION_LEVEL = "-O";
				VALIDATE_PRODUCT = YES;
			};
			name = Production;
		};
		E9475284215A2D6D009885FB /* Production */ = {
			isa = XCBuildConfiguration;
			buildSettings = {
				ASSETCATALOG_COMPILER_APPICON_NAME = AppIcon;
				CODE_SIGN_STYLE = Automatic;
				DEVELOPMENT_TEAM = 7E2DYPBWQ8;
				ENDPOINT_URL = "http://production.targets.com";
				INFOPLIST_FILE = Info.plist;
				LD_RUNPATH_SEARCH_PATHS = (
					"$(inherited)",
					"@executable_path/Frameworks",
				);
				OTHER_SWIFT_FLAGS = "-D PRODUCTION";
				PRODUCT_BUNDLE_IDENTIFIER = "setup.targets-";
				PRODUCT_NAME = "$(TARGET_NAME)";
				SWIFT_ACTIVE_COMPILATION_CONDITIONS = PRODUCTION;
				SWIFT_VERSION = 4.0;
				TARGETED_DEVICE_FAMILY = "1,2";
			};
			name = Production;
		};
		E9475285215A2D6D009885FB /* Production */ = {
			isa = XCBuildConfiguration;
			buildSettings = {
				ASSETCATALOG_COMPILER_APPICON_NAME = AppIcon;
				CODE_SIGN_STYLE = Automatic;
				DEVELOPMENT_TEAM = 7E2DYPBWQ8;
				INFOPLIST_FILE = Info.plist;
				LD_RUNPATH_SEARCH_PATHS = (
					"$(inherited)",
					"@executable_path/Frameworks",
				);
				OTHER_SWIFT_FLAGS = "-D DEBUG";
				PRODUCT_BUNDLE_IDENTIFIER = "setup.targets-";
				PRODUCT_NAME = "$(TARGET_NAME)";
				SWIFT_ACTIVE_COMPILATION_CONDITIONS = PRODUCTION;
				SWIFT_VERSION = 4.0;
				TARGETED_DEVICE_FAMILY = "1,2";
			};
			name = Production;
		};
		E9475286215A2D6D009885FB /* Production */ = {
			isa = XCBuildConfiguration;
			buildSettings = {
				ALWAYS_EMBED_SWIFT_STANDARD_LIBRARIES = YES;
				BUNDLE_LOADER = "$(TEST_HOST)";
				CODE_SIGN_STYLE = Automatic;
				INFOPLIST_FILE = targets_Tests/Info.plist;
				LD_RUNPATH_SEARCH_PATHS = (
					"$(inherited)",
					"@executable_path/Frameworks",
					"@loader_path/Frameworks",
				);
				PRODUCT_BUNDLE_IDENTIFIER = "setup.targets-Tests";
				PRODUCT_NAME = "$(TARGET_NAME)";
				SWIFT_VERSION = 4.0;
				TARGETED_DEVICE_FAMILY = "1,2";
				TEST_HOST = "$(BUILT_PRODUCTS_DIR)/targets_.app/targets_";
			};
			name = Production;
		};
		E9475287215A2D6D009885FB /* Production */ = {
			isa = XCBuildConfiguration;
			buildSettings = {
				ALWAYS_EMBED_SWIFT_STANDARD_LIBRARIES = YES;
				CODE_SIGN_STYLE = Automatic;
				INFOPLIST_FILE = targets_UITests/Info.plist;
				LD_RUNPATH_SEARCH_PATHS = (
					"$(inherited)",
					"@executable_path/Frameworks",
					"@loader_path/Frameworks",
				);
				PRODUCT_BUNDLE_IDENTIFIER = "setup.targets-UITests";
				PRODUCT_NAME = "$(TARGET_NAME)";
				SWIFT_VERSION = 4.0;
				TARGETED_DEVICE_FAMILY = "1,2";
				TEST_TARGET_NAME = targets_;
			};
			name = Production;
		};
/* End XCBuildConfiguration section */

/* Begin XCConfigurationList section */
		E9475239215A2AF7009885FB /* Build configuration list for PBXProject "targets_" */ = {
			isa = XCConfigurationList;
			buildConfigurations = (
				E9475264215A2AF9009885FB /* Debug */,
				E9475283215A2D6D009885FB /* Production */,
			);
			defaultConfigurationIsVisible = 0;
			defaultConfigurationName = Debug;
		};
		E9475266215A2AF9009885FB /* Build configuration list for PBXNativeTarget "targets_Production" */ = {
			isa = XCConfigurationList;
			buildConfigurations = (
				E9475267215A2AF9009885FB /* Debug */,
				E9475284215A2D6D009885FB /* Production */,
			);
			defaultConfigurationIsVisible = 0;
			defaultConfigurationName = Debug;
		};
		E9475269215A2AF9009885FB /* Build configuration list for PBXNativeTarget "targets_Tests" */ = {
			isa = XCConfigurationList;
			buildConfigurations = (
				E947526A215A2AF9009885FB /* Debug */,
				E9475286215A2D6D009885FB /* Production */,
			);
			defaultConfigurationIsVisible = 0;
			defaultConfigurationName = Debug;
		};
		E947526C215A2AF9009885FB /* Build configuration list for PBXNativeTarget "targets_UITests" */ = {
			isa = XCConfigurationList;
			buildConfigurations = (
				E947526D215A2AF9009885FB /* Debug */,
				E9475287215A2D6D009885FB /* Production */,
			);
			defaultConfigurationIsVisible = 0;
			defaultConfigurationName = Debug;
		};
		E9475278215A2B5E009885FB /* Build configuration list for PBXNativeTarget "targets_Debug" */ = {
			isa = XCConfigurationList;
			buildConfigurations = (
				E9475279215A2B5E009885FB /* Debug */,
				E9475285215A2D6D009885FB /* Production */,
			);
			defaultConfigurationIsVisible = 0;
			defaultConfigurationName = Debug;
		};
/* End XCConfigurationList section */
	};
	rootObject = E9475236215A2AF7009885FB /* Project object */;
}
